{"packages":{"dart-check":{"version":"0.0.1","source":"git","description":{"url":"https://code.google.com/p/dart-check/","ref":"new-layout","resolved-ref":"0e03f67ae2be345815f6362f04ff57caeb6211f6"}},"unittest":{"version":"0.0.0-r.12416","source":"sdk","description":"unittest"},"dart-enumerators":{"version":"0.0.1","source":"git","description":{"url":"https://code.google.com/p/dart-enumerators/","ref":"new-layout","resolved-ref":"a961648d0ec162a701cfaddee366a0fe0b9c2494"}}}}