{"packages":{"dart-check":{"version":"0.0.1","source":"git","description":{"url":"https://code.google.com/p/dart-check/","ref":null,"resolved-ref":"e8ceebf26f6a367757d5d2eafe458cf746cf3bc3"}},"unittest":{"version":"0.0.0-r.12416","source":"sdk","description":"unittest"},"dart-enumerators":{"version":"0.0.1","source":"git","description":{"url":"https://code.google.com/p/dart-enumerators/","ref":null,"resolved-ref":"ed6b78e2c7ef193b6964b77e438da69a2d916eaa"}}}}